
Microsoft Visual Studio Solution File, Format Version 12.00
# Visual Studio Version 17
VisualStudioVersion = 17.11.35303.130
MinimumVisualStudioVersion = 10.0.40219.1
Project("{FAE04EC0-301F-11D3-BF4B-00C04F79EFBC}") = "FileIO", "FileIO.csproj", "{1F79FC25-F9CA-4C4D-8745-6707E50DB214}"
EndProject
Global
	GlobalSection(SolutionConfigurationPlatforms) = preSolution
		Debug|Any CPU = Debug|Any CPU
		Release|Any CPU = Release|Any CPU
	EndGlobalSection
	GlobalSection(ProjectConfigurationPlatforms) = postSolution
		{1F79FC25-F9CA-4C4D-8745-6707E50DB214}.Debug|Any CPU.ActiveCfg = Debug|Any CPU
		{1F79FC25-F9CA-4C4D-8745-6707E50DB214}.Debug|Any CPU.Build.0 = Debug|Any CPU
		{1F79FC25-F9CA-4C4D-8745-6707E50DB214}.Release|Any CPU.ActiveCfg = Release|Any CPU
		{1F79FC25-F9CA-4C4D-8745-6707E50DB214}.Release|Any CPU.Build.0 = Release|Any CPU
	EndGlobalSection
	GlobalSection(SolutionProperties) = preSolution
		HideSolutionNode = FALSE
	EndGlobalSection
	GlobalSection(ExtensibilityGlobals) = postSolution
		SolutionGuid = {2BA9E8E7-82C3-416C-9A04-459D361B06F4}
	EndGlobalSection
EndGlobal
